
Microsoft Visual Studio Solution File, Format Version 12.00
# Visual Studio Version 17
VisualStudioVersion = 17.7.34031.279
MinimumVisualStudioVersion = 10.0.40219.1
Project("{FAE04EC0-301F-11D3-BF4B-00C04F79EFBC}") = "FEWebApp", "FEWebApp\FEWebApp.csproj", "{EF0F695B-1AC6-4085-BC36-946F9148F9EE}"
EndProject
Global
	GlobalSection(SolutionConfigurationPlatforms) = preSolution
		Debug|Any CPU = Debug|Any CPU
		Release|Any CPU = Release|Any CPU
	EndGlobalSection
	GlobalSection(ProjectConfigurationPlatforms) = postSolution
		{EF0F695B-1AC6-4085-BC36-946F9148F9EE}.Debug|Any CPU.ActiveCfg = Debug|Any CPU
		{EF0F695B-1AC6-4085-BC36-946F9148F9EE}.Debug|Any CPU.Build.0 = Debug|Any CPU
		{EF0F695B-1AC6-4085-BC36-946F9148F9EE}.Release|Any CPU.ActiveCfg = Release|Any CPU
		{EF0F695B-1AC6-4085-BC36-946F9148F9EE}.Release|Any CPU.Build.0 = Release|Any CPU
	EndGlobalSection
	GlobalSection(SolutionProperties) = preSolution
		HideSolutionNode = FALSE
	EndGlobalSection
	GlobalSection(ExtensibilityGlobals) = postSolution
		SolutionGuid = {B16C620A-69E4-4209-A56D-C2A0AB24C710}
	EndGlobalSection
EndGlobal
